
Microsoft Visual Studio Solution File, Format Version 10.00
# Visual Studio 2008
Project("{8BC9CEB8-8B4A-11D0-8D11-00A0C91BC942}") = "CurrnetDir", "CurrentDir\CurrnetDir.vcproj", "{AF53D3D9-B743-444A-96FA-C91E9751F1E2}"
EndProject
Project("{8BC9CEB8-8B4A-11D0-8D11-00A0C91BC942}") = "DIR", "Dir\DIR.vcproj", "{301D015A-1092-424D-9D69-07FA3796B258}"
EndProject
Project("{8BC9CEB8-8B4A-11D0-8D11-00A0C91BC942}") = "FileAttr", "FileAttr\FileAttr.vcproj", "{683518EE-2264-4590-BEE4-B90E325FC150}"
EndProject
Project("{8BC9CEB8-8B4A-11D0-8D11-00A0C91BC942}") = "files", "Files\files.vcproj", "{0F426DB0-92E3-4114-8DAC-631DB5F6D255}"
EndProject
Project("{8BC9CEB8-8B4A-11D0-8D11-00A0C91BC942}") = "FileStream", "FileStream\FileStream.vcproj", "{AEE09031-49A3-486C-A311-AD05EC6A3BEB}"
EndProject
Project("{8BC9CEB8-8B4A-11D0-8D11-00A0C91BC942}") = "FileTree", "FileTree\FileTree.vcproj", "{85B74B0F-5EB3-4D28-9DC6-BD7CC39AC9E0}"
EndProject
Project("{8BC9CEB8-8B4A-11D0-8D11-00A0C91BC942}") = "handlePath", "HandlePath\handlePath.vcproj", "{E039837F-BF00-4E12-8D61-E1CE1574C80D}"
EndProject
Project("{8BC9CEB8-8B4A-11D0-8D11-00A0C91BC942}") = "Mapping", "Mapping\Mapping.vcproj", "{BE901C4D-FEB2-4DDA-A012-C2CE227C610A}"
EndProject
Project("{8BC9CEB8-8B4A-11D0-8D11-00A0C91BC942}") = "MappingShare1", "MappingShare\MappingShare1.vcproj", "{DEFF3B15-AC94-48B1-92E9-B852195A8F95}"
EndProject
Project("{8BC9CEB8-8B4A-11D0-8D11-00A0C91BC942}") = "MappingShare2", "MappingShare\MappingShare2.vcproj", "{4EDAB182-5993-49FE-B737-7B31E521D373}"
	ProjectSection(ProjectDependencies) = postProject
		{DEFF3B15-AC94-48B1-92E9-B852195A8F95} = {DEFF3B15-AC94-48B1-92E9-B852195A8F95}
	EndProjectSection
EndProject
Project("{8BC9CEB8-8B4A-11D0-8D11-00A0C91BC942}") = "SubDir", "SubDir\SubDir.vcproj", "{102BF8FF-BAC1-4A73-AACC-EC42D1A4325F}"
EndProject
Project("{8BC9CEB8-8B4A-11D0-8D11-00A0C91BC942}") = "WR", "WR\WR.vcproj", "{D0BB873D-F50A-45D0-8CDF-0584CA4E51A2}"
EndProject
Project("{8BC9CEB8-8B4A-11D0-8D11-00A0C91BC942}") = "Cdrom", "Cdrom\Cdrom.vcproj", "{E60C3EC9-73D0-481B-A241-C76A8C94024A}"
EndProject
Project("{8BC9CEB8-8B4A-11D0-8D11-00A0C91BC942}") = "DiskSpace", "DiskSpace\DiskSpace.vcproj", "{31990659-33A1-42B4-822C-9B1D608E4749}"
EndProject
Project("{8BC9CEB8-8B4A-11D0-8D11-00A0C91BC942}") = "EnumerateVolume", "EnumerateVolume\EnumerateVolume.vcproj", "{1D7590AD-D293-49A7-8EDD-81108291996A}"
EndProject
Project("{8BC9CEB8-8B4A-11D0-8D11-00A0C91BC942}") = "VolumeInfo", "VolumeInfo\VolumeInfo.vcproj", "{74398BB6-083F-4E6B-8D21-65E6D01EBE35}"
EndProject
Project("{8BC9CEB8-8B4A-11D0-8D11-00A0C91BC942}") = "Mount", "Mount\Mount.vcproj", "{4B01233A-D0AD-4D43-ABA9-6BF3B4EECE6A}"
EndProject
Global
	GlobalSection(SolutionConfigurationPlatforms) = preSolution
		Debug|Win32 = Debug|Win32
		Release|Win32 = Release|Win32
	EndGlobalSection
	GlobalSection(ProjectConfigurationPlatforms) = postSolution
		{AF53D3D9-B743-444A-96FA-C91E9751F1E2}.Debug|Win32.ActiveCfg = Debug|Win32
		{AF53D3D9-B743-444A-96FA-C91E9751F1E2}.Debug|Win32.Build.0 = Debug|Win32
		{AF53D3D9-B743-444A-96FA-C91E9751F1E2}.Release|Win32.ActiveCfg = Release|Win32
		{AF53D3D9-B743-444A-96FA-C91E9751F1E2}.Release|Win32.Build.0 = Release|Win32
		{301D015A-1092-424D-9D69-07FA3796B258}.Debug|Win32.ActiveCfg = Debug|Win32
		{301D015A-1092-424D-9D69-07FA3796B258}.Debug|Win32.Build.0 = Debug|Win32
		{301D015A-1092-424D-9D69-07FA3796B258}.Release|Win32.ActiveCfg = Release|Win32
		{301D015A-1092-424D-9D69-07FA3796B258}.Release|Win32.Build.0 = Release|Win32
		{683518EE-2264-4590-BEE4-B90E325FC150}.Debug|Win32.ActiveCfg = Debug|Win32
		{683518EE-2264-4590-BEE4-B90E325FC150}.Debug|Win32.Build.0 = Debug|Win32
		{683518EE-2264-4590-BEE4-B90E325FC150}.Release|Win32.ActiveCfg = Release|Win32
		{683518EE-2264-4590-BEE4-B90E325FC150}.Release|Win32.Build.0 = Release|Win32
		{0F426DB0-92E3-4114-8DAC-631DB5F6D255}.Debug|Win32.ActiveCfg = Debug|Win32
		{0F426DB0-92E3-4114-8DAC-631DB5F6D255}.Debug|Win32.Build.0 = Debug|Win32
		{0F426DB0-92E3-4114-8DAC-631DB5F6D255}.Release|Win32.ActiveCfg = Release|Win32
		{0F426DB0-92E3-4114-8DAC-631DB5F6D255}.Release|Win32.Build.0 = Release|Win32
		{AEE09031-49A3-486C-A311-AD05EC6A3BEB}.Debug|Win32.ActiveCfg = Debug|Win32
		{AEE09031-49A3-486C-A311-AD05EC6A3BEB}.Debug|Win32.Build.0 = Debug|Win32
		{AEE09031-49A3-486C-A311-AD05EC6A3BEB}.Release|Win32.ActiveCfg = Release|Win32
		{AEE09031-49A3-486C-A311-AD05EC6A3BEB}.Release|Win32.Build.0 = Release|Win32
		{85B74B0F-5EB3-4D28-9DC6-BD7CC39AC9E0}.Debug|Win32.ActiveCfg = Debug|Win32
		{85B74B0F-5EB3-4D28-9DC6-BD7CC39AC9E0}.Debug|Win32.Build.0 = Debug|Win32
		{85B74B0F-5EB3-4D28-9DC6-BD7CC39AC9E0}.Release|Win32.ActiveCfg = Release|Win32
		{85B74B0F-5EB3-4D28-9DC6-BD7CC39AC9E0}.Release|Win32.Build.0 = Release|Win32
		{E039837F-BF00-4E12-8D61-E1CE1574C80D}.Debug|Win32.ActiveCfg = Debug|Win32
		{E039837F-BF00-4E12-8D61-E1CE1574C80D}.Debug|Win32.Build.0 = Debug|Win32
		{E039837F-BF00-4E12-8D61-E1CE1574C80D}.Release|Win32.ActiveCfg = Release|Win32
		{E039837F-BF00-4E12-8D61-E1CE1574C80D}.Release|Win32.Build.0 = Release|Win32
		{BE901C4D-FEB2-4DDA-A012-C2CE227C610A}.Debug|Win32.ActiveCfg = Debug|Win32
		{BE901C4D-FEB2-4DDA-A012-C2CE227C610A}.Debug|Win32.Build.0 = Debug|Win32
		{BE901C4D-FEB2-4DDA-A012-C2CE227C610A}.Release|Win32.ActiveCfg = Release|Win32
		{BE901C4D-FEB2-4DDA-A012-C2CE227C610A}.Release|Win32.Build.0 = Release|Win32
		{DEFF3B15-AC94-48B1-92E9-B852195A8F95}.Debug|Win32.ActiveCfg = Debug|Win32
		{DEFF3B15-AC94-48B1-92E9-B852195A8F95}.Debug|Win32.Build.0 = Debug|Win32
		{DEFF3B15-AC94-48B1-92E9-B852195A8F95}.Release|Win32.ActiveCfg = Release|Win32
		{DEFF3B15-AC94-48B1-92E9-B852195A8F95}.Release|Win32.Build.0 = Release|Win32
		{4EDAB182-5993-49FE-B737-7B31E521D373}.Debug|Win32.ActiveCfg = Debug|Win32
		{4EDAB182-5993-49FE-B737-7B31E521D373}.Debug|Win32.Build.0 = Debug|Win32
		{4EDAB182-5993-49FE-B737-7B31E521D373}.Release|Win32.ActiveCfg = Release|Win32
		{4EDAB182-5993-49FE-B737-7B31E521D373}.Release|Win32.Build.0 = Release|Win32
		{102BF8FF-BAC1-4A73-AACC-EC42D1A4325F}.Debug|Win32.ActiveCfg = Debug|Win32
		{102BF8FF-BAC1-4A73-AACC-EC42D1A4325F}.Debug|Win32.Build.0 = Debug|Win32
		{102BF8FF-BAC1-4A73-AACC-EC42D1A4325F}.Release|Win32.ActiveCfg = Release|Win32
		{102BF8FF-BAC1-4A73-AACC-EC42D1A4325F}.Release|Win32.Build.0 = Release|Win32
		{D0BB873D-F50A-45D0-8CDF-0584CA4E51A2}.Debug|Win32.ActiveCfg = Debug|Win32
		{D0BB873D-F50A-45D0-8CDF-0584CA4E51A2}.Debug|Win32.Build.0 = Debug|Win32
		{D0BB873D-F50A-45D0-8CDF-0584CA4E51A2}.Release|Win32.ActiveCfg = Release|Win32
		{D0BB873D-F50A-45D0-8CDF-0584CA4E51A2}.Release|Win32.Build.0 = Release|Win32
		{E60C3EC9-73D0-481B-A241-C76A8C94024A}.Debug|Win32.ActiveCfg = Debug|Win32
		{E60C3EC9-73D0-481B-A241-C76A8C94024A}.Debug|Win32.Build.0 = Debug|Win32
		{E60C3EC9-73D0-481B-A241-C76A8C94024A}.Release|Win32.ActiveCfg = Release|Win32
		{E60C3EC9-73D0-481B-A241-C76A8C94024A}.Release|Win32.Build.0 = Release|Win32
		{31990659-33A1-42B4-822C-9B1D608E4749}.Debug|Win32.ActiveCfg = Debug|Win32
		{31990659-33A1-42B4-822C-9B1D608E4749}.Debug|Win32.Build.0 = Debug|Win32
		{31990659-33A1-42B4-822C-9B1D608E4749}.Release|Win32.ActiveCfg = Release|Win32
		{31990659-33A1-42B4-822C-9B1D608E4749}.Release|Win32.Build.0 = Release|Win32
		{1D7590AD-D293-49A7-8EDD-81108291996A}.Debug|Win32.ActiveCfg = Debug|Win32
		{1D7590AD-D293-49A7-8EDD-81108291996A}.Debug|Win32.Build.0 = Debug|Win32
		{1D7590AD-D293-49A7-8EDD-81108291996A}.Release|Win32.ActiveCfg = Release|Win32
		{1D7590AD-D293-49A7-8EDD-81108291996A}.Release|Win32.Build.0 = Release|Win32
		{74398BB6-083F-4E6B-8D21-65E6D01EBE35}.Debug|Win32.ActiveCfg = Debug|Win32
		{74398BB6-083F-4E6B-8D21-65E6D01EBE35}.Debug|Win32.Build.0 = Debug|Win32
		{74398BB6-083F-4E6B-8D21-65E6D01EBE35}.Release|Win32.ActiveCfg = Release|Win32
		{74398BB6-083F-4E6B-8D21-65E6D01EBE35}.Release|Win32.Build.0 = Release|Win32
		{4B01233A-D0AD-4D43-ABA9-6BF3B4EECE6A}.Debug|Win32.ActiveCfg = Debug|Win32
		{4B01233A-D0AD-4D43-ABA9-6BF3B4EECE6A}.Debug|Win32.Build.0 = Debug|Win32
		{4B01233A-D0AD-4D43-ABA9-6BF3B4EECE6A}.Release|Win32.ActiveCfg = Release|Win32
		{4B01233A-D0AD-4D43-ABA9-6BF3B4EECE6A}.Release|Win32.Build.0 = Release|Win32
	EndGlobalSection
	GlobalSection(SolutionProperties) = preSolution
		HideSolutionNode = FALSE
	EndGlobalSection
EndGlobal
