
Microsoft Visual Studio Solution File, Format Version 10.00
# Visual Studio 2008
Project("{8BC9CEB8-8B4A-11D0-8D11-00A0C91BC942}") = "SpecialFolder", "SpecialFolder\SpecialFolder.vcproj", "{16264242-5C6A-414D-92A4-70620E876B06}"
EndProject
Project("{8BC9CEB8-8B4A-11D0-8D11-00A0C91BC942}") = "FileBrowse", "FileBrowse\FileBrowse.vcproj", "{ED46284F-8915-4520-9469-066DF66B1D75}"
EndProject
Project("{8BC9CEB8-8B4A-11D0-8D11-00A0C91BC942}") = "FileType", "FileType\FileType.vcproj", "{1AFBA328-454F-41A5-B0DD-80B18509DF39}"
EndProject
Project("{8BC9CEB8-8B4A-11D0-8D11-00A0C91BC942}") = "TaskbarDemo", "SystemTraySDK\TaskbarDemo.vcproj", "{062F5921-1EF6-475A-8D24-93E12FA14C96}"
EndProject
Global
	GlobalSection(SolutionConfigurationPlatforms) = preSolution
		Debug|Win32 = Debug|Win32
		Release|Win32 = Release|Win32
	EndGlobalSection
	GlobalSection(ProjectConfigurationPlatforms) = postSolution
		{16264242-5C6A-414D-92A4-70620E876B06}.Debug|Win32.ActiveCfg = Debug|Win32
		{16264242-5C6A-414D-92A4-70620E876B06}.Debug|Win32.Build.0 = Debug|Win32
		{16264242-5C6A-414D-92A4-70620E876B06}.Release|Win32.ActiveCfg = Release|Win32
		{16264242-5C6A-414D-92A4-70620E876B06}.Release|Win32.Build.0 = Release|Win32
		{ED46284F-8915-4520-9469-066DF66B1D75}.Debug|Win32.ActiveCfg = Debug|Win32
		{ED46284F-8915-4520-9469-066DF66B1D75}.Debug|Win32.Build.0 = Debug|Win32
		{ED46284F-8915-4520-9469-066DF66B1D75}.Release|Win32.ActiveCfg = Release|Win32
		{ED46284F-8915-4520-9469-066DF66B1D75}.Release|Win32.Build.0 = Release|Win32
		{1AFBA328-454F-41A5-B0DD-80B18509DF39}.Debug|Win32.ActiveCfg = Debug|Win32
		{1AFBA328-454F-41A5-B0DD-80B18509DF39}.Debug|Win32.Build.0 = Debug|Win32
		{1AFBA328-454F-41A5-B0DD-80B18509DF39}.Release|Win32.ActiveCfg = Release|Win32
		{1AFBA328-454F-41A5-B0DD-80B18509DF39}.Release|Win32.Build.0 = Release|Win32
		{062F5921-1EF6-475A-8D24-93E12FA14C96}.Debug|Win32.ActiveCfg = Debug|Win32
		{062F5921-1EF6-475A-8D24-93E12FA14C96}.Debug|Win32.Build.0 = Debug|Win32
		{062F5921-1EF6-475A-8D24-93E12FA14C96}.Release|Win32.ActiveCfg = Release|Win32
		{062F5921-1EF6-475A-8D24-93E12FA14C96}.Release|Win32.Build.0 = Release|Win32
	EndGlobalSection
	GlobalSection(SolutionProperties) = preSolution
		HideSolutionNode = FALSE
	EndGlobalSection
EndGlobal
